
Microsoft Visual Studio Solution File, Format Version 12.00
# Visual Studio 2013
VisualStudioVersion = 12.0.21005.1
MinimumVisualStudioVersion = 10.0.40219.1
Project("{FAE04EC0-301F-11D3-BF4B-00C04F79EFBC}") = "Site", "Site\Site.csproj", "{25DB6D5E-8669-4958-9400-3D9B3EF138D9}"
EndProject
Project("{FAE04EC0-301F-11D3-BF4B-00C04F79EFBC}") = "Site.Tests", "Site.Tests\Site.Tests.csproj", "{703E409C-561E-466C-BB2C-9DF94C3B6779}"
EndProject
Project("{FAE04EC0-301F-11D3-BF4B-00C04F79EFBC}") = "Admin", "Admin\Admin.csproj", "{93F559DF-0933-4A61-9C39-07CA129D0C77}"
EndProject
Project("{FAE04EC0-301F-11D3-BF4B-00C04F79EFBC}") = "Admin.Tests", "Admin.Tests\Admin.Tests.csproj", "{184A13C5-6BCC-4981-ADB2-4C0E7BD2555B}"
EndProject
Project("{FAE04EC0-301F-11D3-BF4B-00C04F79EFBC}") = "Infra", "Infra\Infra.csproj", "{50563155-FCC6-4F98-A607-00B0925FFA00}"
EndProject
Project("{FAE04EC0-301F-11D3-BF4B-00C04F79EFBC}") = "App", "App\App.csproj", "{C6355DDD-C5A0-4C2E-96F1-436587381745}"
EndProject
Project("{FAE04EC0-301F-11D3-BF4B-00C04F79EFBC}") = "Domain", "Domain\Domain.csproj", "{0BCAA892-27FD-4A12-B385-3189C03C5048}"
EndProject
Global
	GlobalSection(SolutionConfigurationPlatforms) = preSolution
		Debug|Any CPU = Debug|Any CPU
		Release|Any CPU = Release|Any CPU
	EndGlobalSection
	GlobalSection(ProjectConfigurationPlatforms) = postSolution
		{25DB6D5E-8669-4958-9400-3D9B3EF138D9}.Debug|Any CPU.ActiveCfg = Debug|Any CPU
		{25DB6D5E-8669-4958-9400-3D9B3EF138D9}.Debug|Any CPU.Build.0 = Debug|Any CPU
		{25DB6D5E-8669-4958-9400-3D9B3EF138D9}.Release|Any CPU.ActiveCfg = Release|Any CPU
		{25DB6D5E-8669-4958-9400-3D9B3EF138D9}.Release|Any CPU.Build.0 = Release|Any CPU
		{703E409C-561E-466C-BB2C-9DF94C3B6779}.Debug|Any CPU.ActiveCfg = Debug|Any CPU
		{703E409C-561E-466C-BB2C-9DF94C3B6779}.Debug|Any CPU.Build.0 = Debug|Any CPU
		{703E409C-561E-466C-BB2C-9DF94C3B6779}.Release|Any CPU.ActiveCfg = Release|Any CPU
		{703E409C-561E-466C-BB2C-9DF94C3B6779}.Release|Any CPU.Build.0 = Release|Any CPU
		{93F559DF-0933-4A61-9C39-07CA129D0C77}.Debug|Any CPU.ActiveCfg = Debug|Any CPU
		{93F559DF-0933-4A61-9C39-07CA129D0C77}.Debug|Any CPU.Build.0 = Debug|Any CPU
		{93F559DF-0933-4A61-9C39-07CA129D0C77}.Release|Any CPU.ActiveCfg = Release|Any CPU
		{93F559DF-0933-4A61-9C39-07CA129D0C77}.Release|Any CPU.Build.0 = Release|Any CPU
		{184A13C5-6BCC-4981-ADB2-4C0E7BD2555B}.Debug|Any CPU.ActiveCfg = Debug|Any CPU
		{184A13C5-6BCC-4981-ADB2-4C0E7BD2555B}.Debug|Any CPU.Build.0 = Debug|Any CPU
		{184A13C5-6BCC-4981-ADB2-4C0E7BD2555B}.Release|Any CPU.ActiveCfg = Release|Any CPU
		{184A13C5-6BCC-4981-ADB2-4C0E7BD2555B}.Release|Any CPU.Build.0 = Release|Any CPU
		{50563155-FCC6-4F98-A607-00B0925FFA00}.Debug|Any CPU.ActiveCfg = Debug|Any CPU
		{50563155-FCC6-4F98-A607-00B0925FFA00}.Debug|Any CPU.Build.0 = Debug|Any CPU
		{50563155-FCC6-4F98-A607-00B0925FFA00}.Release|Any CPU.ActiveCfg = Release|Any CPU
		{50563155-FCC6-4F98-A607-00B0925FFA00}.Release|Any CPU.Build.0 = Release|Any CPU
		{C6355DDD-C5A0-4C2E-96F1-436587381745}.Debug|Any CPU.ActiveCfg = Debug|Any CPU
		{C6355DDD-C5A0-4C2E-96F1-436587381745}.Debug|Any CPU.Build.0 = Debug|Any CPU
		{C6355DDD-C5A0-4C2E-96F1-436587381745}.Release|Any CPU.ActiveCfg = Release|Any CPU
		{C6355DDD-C5A0-4C2E-96F1-436587381745}.Release|Any CPU.Build.0 = Release|Any CPU
		{0BCAA892-27FD-4A12-B385-3189C03C5048}.Debug|Any CPU.ActiveCfg = Debug|Any CPU
		{0BCAA892-27FD-4A12-B385-3189C03C5048}.Debug|Any CPU.Build.0 = Debug|Any CPU
		{0BCAA892-27FD-4A12-B385-3189C03C5048}.Release|Any CPU.ActiveCfg = Release|Any CPU
		{0BCAA892-27FD-4A12-B385-3189C03C5048}.Release|Any CPU.Build.0 = Release|Any CPU
	EndGlobalSection
	GlobalSection(SolutionProperties) = preSolution
		HideSolutionNode = FALSE
	EndGlobalSection
EndGlobal
